// !$*UTF8*$!
{
	archiveVersion = 1;
	classes = {
	};
	objectVersion = 54;
	objects = {

/* Begin PBXBuildFile section */
		058557BB273AAA24004C7B11 /* Assets.xcassets in Resources */ = {isa = PBXBuildFile; fileRef = 058557BA273AAA24004C7B11 /* Assets.xcassets */; };
		058557D9273AAEEB004C7B11 /* Preview Assets.xcassets in Resources */ = {isa = PBXBuildFile; fileRef = 058557D8273AAEEB004C7B11 /* Preview Assets.xcassets */; };
		2152FB042600AC8F00CF470E /* iOSApp.swift in Sources */ = {isa = PBXBuildFile; fileRef = 2152FB032600AC8F00CF470E /* iOSApp.swift */; };
		4B0777362C62371300ECEEBC /* MessageScreen.swift in Sources */ = {isa = PBXBuildFile; fileRef = 4B0777352C62371300ECEEBC /* MessageScreen.swift */; };
		4B0777382C624BEB00ECEEBC /* HtmlText.swift in Sources */ = {isa = PBXBuildFile; fileRef = 4B0777372C624BEB00ECEEBC /* HtmlText.swift */; };
		4B07773A2C67504E00ECEEBC /* NewsScreen.swift in Sources */ = {isa = PBXBuildFile; fileRef = 4B0777392C67504E00ECEEBC /* NewsScreen.swift */; };
		4B07773C2C675BDE00ECEEBC /* NotificationsScreen.swift in Sources */ = {isa = PBXBuildFile; fileRef = 4B07773B2C675BDE00ECEEBC /* NotificationsScreen.swift */; };
		4B07773E2C6805C500ECEEBC /* SearchField.swift in Sources */ = {isa = PBXBuildFile; fileRef = 4B07773D2C6805C400ECEEBC /* SearchField.swift */; };
		4B3601FF2C4D2D9400A585DD /* LoginScreen.swift in Sources */ = {isa = PBXBuildFile; fileRef = 4B3601FE2C4D2D9400A585DD /* LoginScreen.swift */; };
		4B3602012C4D2EEE00A585DD /* HomeScreen.swift in Sources */ = {isa = PBXBuildFile; fileRef = 4B3602002C4D2EEE00A585DD /* HomeScreen.swift */; };
		4B3602032C4D305500A585DD /* TabPager.swift in Sources */ = {isa = PBXBuildFile; fileRef = 4B3602022C4D305500A585DD /* TabPager.swift */; };
		4B3602062C4D59A200A585DD /* OrderedCollections in Frameworks */ = {isa = PBXBuildFile; productRef = 4B3602052C4D59A200A585DD /* OrderedCollections */; };
		4B3602082C4DA9A700A585DD /* MainScreen.swift in Sources */ = {isa = PBXBuildFile; fileRef = 4B3602072C4DA9A700A585DD /* MainScreen.swift */; };
		4B8233492B0007E20012800B /* GoogleSignIn in Frameworks */ = {isa = PBXBuildFile; productRef = 4B8233482B0007E20012800B /* GoogleSignIn */; };
		4B94D8E22C58E5B3006FB536 /* PagingItemsObservable.swift in Sources */ = {isa = PBXBuildFile; fileRef = 4B94D8E12C58E5B3006FB536 /* PagingItemsObservable.swift */; };
		4BCC45E02C4FF2CA006FDB5D /* MessagesScreen.swift in Sources */ = {isa = PBXBuildFile; fileRef = 4BCC45DF2C4FF2CA006FDB5D /* MessagesScreen.swift */; };
		4BCC45E22C4FF71E006FDB5D /* ArgosCoreBridge.swift in Sources */ = {isa = PBXBuildFile; fileRef = 4BCC45E12C4FF71E006FDB5D /* ArgosCoreBridge.swift */; };
		4BCC45E42C5049FE006FDB5D /* TabPager2.swift in Sources */ = {isa = PBXBuildFile; fileRef = 4BCC45E32C5049FE006FDB5D /* TabPager2.swift */; };
		4BCC45EB2C52BAD6006FDB5D /* RootScreen.swift in Sources */ = {isa = PBXBuildFile; fileRef = 4BCC45EA2C52BAD6006FDB5D /* RootScreen.swift */; };
		4BCC45EF2C556780006FDB5D /* UserSheet.swift in Sources */ = {isa = PBXBuildFile; fileRef = 4BCC45EE2C556780006FDB5D /* UserSheet.swift */; };
		4BCC45F12C5593FC006FDB5D /* StudentInfoScreen.swift in Sources */ = {isa = PBXBuildFile; fileRef = 4BCC45F02C5593FC006FDB5D /* StudentInfoScreen.swift */; };
/* End PBXBuildFile section */

/* Begin PBXCopyFilesBuildPhase section */
		7555FFB4242A642300829871 /* Embed Frameworks */ = {
			isa = PBXCopyFilesBuildPhase;
			buildActionMask = 2147483647;
			dstPath = "";
			dstSubfolderSpec = 10;
			files = (
			);
			name = "Embed Frameworks";
			runOnlyForDeploymentPostprocessing = 0;
		};
/* End PBXCopyFilesBuildPhase section */

/* Begin PBXFileReference section */
		058557BA273AAA24004C7B11 /* Assets.xcassets */ = {isa = PBXFileReference; lastKnownFileType = folder.assetcatalog; path = Assets.xcassets; sourceTree = "<group>"; };
		058557D8273AAEEB004C7B11 /* Preview Assets.xcassets */ = {isa = PBXFileReference; lastKnownFileType = folder.assetcatalog; path = "Preview Assets.xcassets"; sourceTree = "<group>"; };
		2152FB032600AC8F00CF470E /* iOSApp.swift */ = {isa = PBXFileReference; lastKnownFileType = sourcecode.swift; path = iOSApp.swift; sourceTree = "<group>"; };
		4B0777352C62371300ECEEBC /* MessageScreen.swift */ = {isa = PBXFileReference; lastKnownFileType = sourcecode.swift; path = MessageScreen.swift; sourceTree = "<group>"; };
		4B0777372C624BEB00ECEEBC /* HtmlText.swift */ = {isa = PBXFileReference; lastKnownFileType = sourcecode.swift; path = HtmlText.swift; sourceTree = "<group>"; };
		4B0777392C67504E00ECEEBC /* NewsScreen.swift */ = {isa = PBXFileReference; lastKnownFileType = sourcecode.swift; path = NewsScreen.swift; sourceTree = "<group>"; };
		4B07773B2C675BDE00ECEEBC /* NotificationsScreen.swift */ = {isa = PBXFileReference; lastKnownFileType = sourcecode.swift; path = NotificationsScreen.swift; sourceTree = "<group>"; };
		4B07773D2C6805C400ECEEBC /* SearchField.swift */ = {isa = PBXFileReference; lastKnownFileType = sourcecode.swift; path = SearchField.swift; sourceTree = "<group>"; };
		4B3601FE2C4D2D9400A585DD /* LoginScreen.swift */ = {isa = PBXFileReference; lastKnownFileType = sourcecode.swift; path = LoginScreen.swift; sourceTree = "<group>"; };
		4B3602002C4D2EEE00A585DD /* HomeScreen.swift */ = {isa = PBXFileReference; lastKnownFileType = sourcecode.swift; path = HomeScreen.swift; sourceTree = "<group>"; };
		4B3602022C4D305500A585DD /* TabPager.swift */ = {isa = PBXFileReference; lastKnownFileType = sourcecode.swift; path = TabPager.swift; sourceTree = "<group>"; };
		4B3602072C4DA9A700A585DD /* MainScreen.swift */ = {isa = PBXFileReference; lastKnownFileType = sourcecode.swift; path = MainScreen.swift; sourceTree = "<group>"; };
		4B94D8E12C58E5B3006FB536 /* PagingItemsObservable.swift */ = {isa = PBXFileReference; lastKnownFileType = sourcecode.swift; path = PagingItemsObservable.swift; sourceTree = "<group>"; };
		4BCC45DF2C4FF2CA006FDB5D /* MessagesScreen.swift */ = {isa = PBXFileReference; lastKnownFileType = sourcecode.swift; path = MessagesScreen.swift; sourceTree = "<group>"; };
		4BCC45E12C4FF71E006FDB5D /* ArgosCoreBridge.swift */ = {isa = PBXFileReference; lastKnownFileType = sourcecode.swift; path = ArgosCoreBridge.swift; sourceTree = "<group>"; };
		4BCC45E32C5049FE006FDB5D /* TabPager2.swift */ = {isa = PBXFileReference; lastKnownFileType = sourcecode.swift; path = TabPager2.swift; sourceTree = "<group>"; };
		4BCC45EA2C52BAD6006FDB5D /* RootScreen.swift */ = {isa = PBXFileReference; lastKnownFileType = sourcecode.swift; path = RootScreen.swift; sourceTree = "<group>"; };
		4BCC45EE2C556780006FDB5D /* UserSheet.swift */ = {isa = PBXFileReference; lastKnownFileType = sourcecode.swift; path = UserSheet.swift; sourceTree = "<group>"; };
		4BCC45F02C5593FC006FDB5D /* StudentInfoScreen.swift */ = {isa = PBXFileReference; lastKnownFileType = sourcecode.swift; path = StudentInfoScreen.swift; sourceTree = "<group>"; };
		7555FF7B242A565900829871 /* iosApp.app */ = {isa = PBXFileReference; explicitFileType = wrapper.application; includeInIndex = 0; path = iosApp.app; sourceTree = BUILT_PRODUCTS_DIR; };
		7555FF8C242A565B00829871 /* Info.plist */ = {isa = PBXFileReference; lastKnownFileType = text.plist.xml; path = Info.plist; sourceTree = "<group>"; };
/* End PBXFileReference section */

/* Begin PBXFrameworksBuildPhase section */
		7555FF78242A565900829871 /* Frameworks */ = {
			isa = PBXFrameworksBuildPhase;
			buildActionMask = 2147483647;
			files = (
				4B8233492B0007E20012800B /* GoogleSignIn in Frameworks */,
				4B3602062C4D59A200A585DD /* OrderedCollections in Frameworks */,
			);
			runOnlyForDeploymentPostprocessing = 0;
		};
/* End PBXFrameworksBuildPhase section */

/* Begin PBXGroup section */
		058557D7273AAEEB004C7B11 /* Preview Content */ = {
			isa = PBXGroup;
			children = (
				058557D8273AAEEB004C7B11 /* Preview Assets.xcassets */,
			);
			path = "Preview Content";
			sourceTree = "<group>";
		};
		7555FF72242A565900829871 = {
			isa = PBXGroup;
			children = (
				7555FF7D242A565900829871 /* iosApp */,
				7555FF7C242A565900829871 /* Products */,
				7555FFB0242A642200829871 /* Frameworks */,
			);
			sourceTree = "<group>";
		};
		7555FF7C242A565900829871 /* Products */ = {
			isa = PBXGroup;
			children = (
				7555FF7B242A565900829871 /* iosApp.app */,
			);
			name = Products;
			sourceTree = "<group>";
		};
		7555FF7D242A565900829871 /* iosApp */ = {
			isa = PBXGroup;
			children = (
				058557BA273AAA24004C7B11 /* Assets.xcassets */,
				7555FF8C242A565B00829871 /* Info.plist */,
				2152FB032600AC8F00CF470E /* iOSApp.swift */,
				058557D7273AAEEB004C7B11 /* Preview Content */,
				4BCC45EA2C52BAD6006FDB5D /* RootScreen.swift */,
				4B3601FE2C4D2D9400A585DD /* LoginScreen.swift */,
				4B3602072C4DA9A700A585DD /* MainScreen.swift */,
				4BCC45EE2C556780006FDB5D /* UserSheet.swift */,
				4B3602002C4D2EEE00A585DD /* HomeScreen.swift */,
				4BCC45DF2C4FF2CA006FDB5D /* MessagesScreen.swift */,
				4B0777352C62371300ECEEBC /* MessageScreen.swift */,
				4B3602022C4D305500A585DD /* TabPager.swift */,
				4BCC45F02C5593FC006FDB5D /* StudentInfoScreen.swift */,
				4BCC45E12C4FF71E006FDB5D /* ArgosCoreBridge.swift */,
				4BCC45E32C5049FE006FDB5D /* TabPager2.swift */,
				4B94D8E12C58E5B3006FB536 /* PagingItemsObservable.swift */,
				4B0777372C624BEB00ECEEBC /* HtmlText.swift */,
				4B0777392C67504E00ECEEBC /* NewsScreen.swift */,
				4B07773B2C675BDE00ECEEBC /* NotificationsScreen.swift */,
				4B07773D2C6805C400ECEEBC /* SearchField.swift */,
			);
			path = iosApp;
			sourceTree = "<group>";
		};
		7555FFB0242A642200829871 /* Frameworks */ = {
			isa = PBXGroup;
			children = (
			);
			name = Frameworks;
			sourceTree = "<group>";
		};
/* End PBXGroup section */

/* Begin PBXNativeTarget section */
		7555FF7A242A565900829871 /* iosApp */ = {
			isa = PBXNativeTarget;
			buildConfigurationList = 7555FFA5242A565B00829871 /* Build configuration list for PBXNativeTarget "iosApp" */;
			buildPhases = (
				7555FFB5242A651A00829871 /* Run Script */,
				7555FF77242A565900829871 /* Sources */,
				7555FF78242A565900829871 /* Frameworks */,
				7555FF79242A565900829871 /* Resources */,
				7555FFB4242A642300829871 /* Embed Frameworks */,
			);
			buildRules = (
			);
			dependencies = (
			);
			name = iosApp;
			packageProductDependencies = (
				4B8233482B0007E20012800B /* GoogleSignIn */,
				4B3602052C4D59A200A585DD /* OrderedCollections */,
			);
			productName = iosApp;
			productReference = 7555FF7B242A565900829871 /* iosApp.app */;
			productType = "com.apple.product-type.application";
		};
/* End PBXNativeTarget section */

/* Begin PBXProject section */
		7555FF73242A565900829871 /* Project object */ = {
			isa = PBXProject;
			attributes = {
				BuildIndependentTargetsInParallel = YES;
				LastSwiftUpdateCheck = 1130;
				LastUpgradeCheck = 1540;
				ORGANIZATIONNAME = orgName;
				TargetAttributes = {
					7555FF7A242A565900829871 = {
						CreatedOnToolsVersion = 11.3.1;
					};
				};
			};
			buildConfigurationList = 7555FF76242A565900829871 /* Build configuration list for PBXProject "iosApp" */;
			compatibilityVersion = "Xcode 9.3";
			developmentRegion = en;
			hasScannedForEncodings = 0;
			knownRegions = (
				en,
				Base,
			);
			mainGroup = 7555FF72242A565900829871;
			packageReferences = (
				4B8233472B0007E20012800B /* XCRemoteSwiftPackageReference "GoogleSignIn-iOS" */,
				4B3602042C4D59A200A585DD /* XCRemoteSwiftPackageReference "swift-collections" */,
			);
			productRefGroup = 7555FF7C242A565900829871 /* Products */;
			projectDirPath = "";
			projectRoot = "";
			targets = (
				7555FF7A242A565900829871 /* iosApp */,
			);
		};
/* End PBXProject section */

/* Begin PBXResourcesBuildPhase section */
		7555FF79242A565900829871 /* Resources */ = {
			isa = PBXResourcesBuildPhase;
			buildActionMask = 2147483647;
			files = (
				058557D9273AAEEB004C7B11 /* Preview Assets.xcassets in Resources */,
				058557BB273AAA24004C7B11 /* Assets.xcassets in Resources */,
			);
			runOnlyForDeploymentPostprocessing = 0;
		};
/* End PBXResourcesBuildPhase section */

/* Begin PBXShellScriptBuildPhase section */
		7555FFB5242A651A00829871 /* Run Script */ = {
			isa = PBXShellScriptBuildPhase;
			buildActionMask = 2147483647;
			files = (
			);
			inputFileListPaths = (
			);
			inputPaths = (
			);
			name = "Run Script";
			outputFileListPaths = (
			);
			outputPaths = (
			);
			runOnlyForDeploymentPostprocessing = 0;
			shellPath = /bin/sh;
			shellScript = "cd \"$SRCROOT/..\"\n./gradlew :shared:embedAndSignAppleFrameworkForXcode\n";
		};
/* End PBXShellScriptBuildPhase section */

/* Begin PBXSourcesBuildPhase section */
		7555FF77242A565900829871 /* Sources */ = {
			isa = PBXSourcesBuildPhase;
			buildActionMask = 2147483647;
			files = (
				4B3602082C4DA9A700A585DD /* MainScreen.swift in Sources */,
				4B0777362C62371300ECEEBC /* MessageScreen.swift in Sources */,
				4B94D8E22C58E5B3006FB536 /* PagingItemsObservable.swift in Sources */,
				4B07773A2C67504E00ECEEBC /* NewsScreen.swift in Sources */,
				4B0777382C624BEB00ECEEBC /* HtmlText.swift in Sources */,
				2152FB042600AC8F00CF470E /* iOSApp.swift in Sources */,
				4B07773C2C675BDE00ECEEBC /* NotificationsScreen.swift in Sources */,
				4B07773E2C6805C500ECEEBC /* SearchField.swift in Sources */,
				4BCC45F12C5593FC006FDB5D /* StudentInfoScreen.swift in Sources */,
				4BCC45E22C4FF71E006FDB5D /* ArgosCoreBridge.swift in Sources */,
				4BCC45EB2C52BAD6006FDB5D /* RootScreen.swift in Sources */,
				4B3602032C4D305500A585DD /* TabPager.swift in Sources */,
				4B3602012C4D2EEE00A585DD /* HomeScreen.swift in Sources */,
				4BCC45E42C5049FE006FDB5D /* TabPager2.swift in Sources */,
				4BCC45E02C4FF2CA006FDB5D /* MessagesScreen.swift in Sources */,
				4B3601FF2C4D2D9400A585DD /* LoginScreen.swift in Sources */,
				4BCC45EF2C556780006FDB5D /* UserSheet.swift in Sources */,
			);
			runOnlyForDeploymentPostprocessing = 0;
		};
/* End PBXSourcesBuildPhase section */

/* Begin XCBuildConfiguration section */
		7555FFA3242A565B00829871 /* Debug */ = {
			isa = XCBuildConfiguration;
			buildSettings = {
				ALWAYS_SEARCH_USER_PATHS = NO;
				ASSETCATALOG_COMPILER_GENERATE_SWIFT_ASSET_SYMBOL_EXTENSIONS = YES;
				CLANG_ANALYZER_NONNULL = YES;
				CLANG_ANALYZER_NUMBER_OBJECT_CONVERSION = YES_AGGRESSIVE;
				CLANG_CXX_LANGUAGE_STANDARD = "gnu++14";
				CLANG_CXX_LIBRARY = "libc++";
				CLANG_ENABLE_MODULES = YES;
				CLANG_ENABLE_OBJC_ARC = YES;
				CLANG_ENABLE_OBJC_WEAK = YES;
				CLANG_WARN_BLOCK_CAPTURE_AUTORELEASING = YES;
				CLANG_WARN_BOOL_CONVERSION = YES;
				CLANG_WARN_COMMA = YES;
				CLANG_WARN_CONSTANT_CONVERSION = YES;
				CLANG_WARN_DEPRECATED_OBJC_IMPLEMENTATIONS = YES;
				CLANG_WARN_DIRECT_OBJC_ISA_USAGE = YES_ERROR;
				CLANG_WARN_DOCUMENTATION_COMMENTS = YES;
				CLANG_WARN_EMPTY_BODY = YES;
				CLANG_WARN_ENUM_CONVERSION = YES;
				CLANG_WARN_INFINITE_RECURSION = YES;
				CLANG_WARN_INT_CONVERSION = YES;
				CLANG_WARN_NON_LITERAL_NULL_CONVERSION = YES;
				CLANG_WARN_OBJC_IMPLICIT_RETAIN_SELF = YES;
				CLANG_WARN_OBJC_LITERAL_CONVERSION = YES;
				CLANG_WARN_OBJC_ROOT_CLASS = YES_ERROR;
				CLANG_WARN_QUOTED_INCLUDE_IN_FRAMEWORK_HEADER = YES;
				CLANG_WARN_RANGE_LOOP_ANALYSIS = YES;
				CLANG_WARN_STRICT_PROTOTYPES = YES;
				CLANG_WARN_SUSPICIOUS_MOVE = YES;
				CLANG_WARN_UNGUARDED_AVAILABILITY = YES_AGGRESSIVE;
				CLANG_WARN_UNREACHABLE_CODE = YES;
				CLANG_WARN__DUPLICATE_METHOD_MATCH = YES;
				COPY_PHASE_STRIP = NO;
				DEBUG_INFORMATION_FORMAT = "dwarf-with-dsym";
				ENABLE_STRICT_OBJC_MSGSEND = YES;
				ENABLE_TESTABILITY = YES;
				ENABLE_USER_SCRIPT_SANDBOXING = NO;
				GCC_C_LANGUAGE_STANDARD = gnu11;
				GCC_DYNAMIC_NO_PIC = NO;
				GCC_NO_COMMON_BLOCKS = YES;
				GCC_OPTIMIZATION_LEVEL = 0;
				GCC_PREPROCESSOR_DEFINITIONS = (
					"DEBUG=1",
					"$(inherited)",
				);
				GCC_WARN_64_TO_32_BIT_CONVERSION = YES;
				GCC_WARN_ABOUT_RETURN_TYPE = YES_ERROR;
				GCC_WARN_UNDECLARED_SELECTOR = YES;
				GCC_WARN_UNINITIALIZED_AUTOS = YES_AGGRESSIVE;
				GCC_WARN_UNUSED_FUNCTION = YES;
				GCC_WARN_UNUSED_VARIABLE = YES;
				IPHONEOS_DEPLOYMENT_TARGET = 17.5;
				MTL_ENABLE_DEBUG_INFO = INCLUDE_SOURCE;
				MTL_FAST_MATH = YES;
				ONLY_ACTIVE_ARCH = YES;
				SDKROOT = iphoneos;
				SWIFT_ACTIVE_COMPILATION_CONDITIONS = DEBUG;
				SWIFT_OPTIMIZATION_LEVEL = "-Onone";
			};
			name = Debug;
		};
		7555FFA4242A565B00829871 /* Release */ = {
			isa = XCBuildConfiguration;
			buildSettings = {
				ALWAYS_SEARCH_USER_PATHS = NO;
				ASSETCATALOG_COMPILER_GENERATE_SWIFT_ASSET_SYMBOL_EXTENSIONS = YES;
				CLANG_ANALYZER_NONNULL = YES;
				CLANG_ANALYZER_NUMBER_OBJECT_CONVERSION = YES_AGGRESSIVE;
				CLANG_CXX_LANGUAGE_STANDARD = "gnu++14";
				CLANG_CXX_LIBRARY = "libc++";
				CLANG_ENABLE_MODULES = YES;
				CLANG_ENABLE_OBJC_ARC = YES;
				CLANG_ENABLE_OBJC_WEAK = YES;
				CLANG_WARN_BLOCK_CAPTURE_AUTORELEASING = YES;
				CLANG_WARN_BOOL_CONVERSION = YES;
				CLANG_WARN_COMMA = YES;
				CLANG_WARN_CONSTANT_CONVERSION = YES;
				CLANG_WARN_DEPRECATED_OBJC_IMPLEMENTATIONS = YES;
				CLANG_WARN_DIRECT_OBJC_ISA_USAGE = YES_ERROR;
				CLANG_WARN_DOCUMENTATION_COMMENTS = YES;
				CLANG_WARN_EMPTY_BODY = YES;
				CLANG_WARN_ENUM_CONVERSION = YES;
				CLANG_WARN_INFINITE_RECURSION = YES;
				CLANG_WARN_INT_CONVERSION = YES;
				CLANG_WARN_NON_LITERAL_NULL_CONVERSION = YES;
				CLANG_WARN_OBJC_IMPLICIT_RETAIN_SELF = YES;
				CLANG_WARN_OBJC_LITERAL_CONVERSION = YES;
				CLANG_WARN_OBJC_ROOT_CLASS = YES_ERROR;
				CLANG_WARN_QUOTED_INCLUDE_IN_FRAMEWORK_HEADER = YES;
				CLANG_WARN_RANGE_LOOP_ANALYSIS = YES;
				CLANG_WARN_STRICT_PROTOTYPES = YES;
				CLANG_WARN_SUSPICIOUS_MOVE = YES;
				CLANG_WARN_UNGUARDED_AVAILABILITY = YES_AGGRESSIVE;
				CLANG_WARN_UNREACHABLE_CODE = YES;
				CLANG_WARN__DUPLICATE_METHOD_MATCH = YES;
				COPY_PHASE_STRIP = NO;
				DEBUG_INFORMATION_FORMAT = "dwarf-with-dsym";
				ENABLE_NS_ASSERTIONS = NO;
				ENABLE_STRICT_OBJC_MSGSEND = YES;
				ENABLE_USER_SCRIPT_SANDBOXING = NO;
				GCC_C_LANGUAGE_STANDARD = gnu11;
				GCC_NO_COMMON_BLOCKS = YES;
				GCC_WARN_64_TO_32_BIT_CONVERSION = YES;
				GCC_WARN_ABOUT_RETURN_TYPE = YES_ERROR;
				GCC_WARN_UNDECLARED_SELECTOR = YES;
				GCC_WARN_UNINITIALIZED_AUTOS = YES_AGGRESSIVE;
				GCC_WARN_UNUSED_FUNCTION = YES;
				GCC_WARN_UNUSED_VARIABLE = YES;
				IPHONEOS_DEPLOYMENT_TARGET = 17.5;
				MTL_ENABLE_DEBUG_INFO = NO;
				MTL_FAST_MATH = YES;
				SDKROOT = iphoneos;
				SWIFT_COMPILATION_MODE = wholemodule;
				SWIFT_OPTIMIZATION_LEVEL = "-O";
				VALIDATE_PRODUCT = YES;
			};
			name = Release;
		};
		7555FFA6242A565B00829871 /* Debug */ = {
			isa = XCBuildConfiguration;
			buildSettings = {
				ASSETCATALOG_COMPILER_APPICON_NAME = AppIcon;
				CODE_SIGN_STYLE = Automatic;
				DEVELOPMENT_ASSET_PATHS = "\"iosApp/Preview Content\"";
				DEVELOPMENT_TEAM = 85342F9WTR;
				ENABLE_PREVIEWS = YES;
				FRAMEWORK_SEARCH_PATHS = (
					"$(inherited)",
					"$(SRCROOT)/../shared/build/xcode-frameworks/$(CONFIGURATION)/$(SDK_NAME)",
				);
				INFOPLIST_FILE = iosApp/Info.plist;
				IPHONEOS_DEPLOYMENT_TARGET = 17.0;
				LD_RUNPATH_SEARCH_PATHS = (
					"$(inherited)",
					"@executable_path/Frameworks",
				);
				OTHER_LDFLAGS = (
					"$(inherited)",
					"-framework",
					ArgosCore,
				);
				PRODUCT_BUNDLE_IDENTIFIER = dev.xinto.argos;
				PRODUCT_NAME = "$(TARGET_NAME)";
				SWIFT_VERSION = 5.0;
				TARGETED_DEVICE_FAMILY = "1,2";
			};
			name = Debug;
		};
		7555FFA7242A565B00829871 /* Release */ = {
			isa = XCBuildConfiguration;
			buildSettings = {
				ASSETCATALOG_COMPILER_APPICON_NAME = AppIcon;
				CODE_SIGN_STYLE = Automatic;
				DEVELOPMENT_ASSET_PATHS = "\"iosApp/Preview Content\"";
				DEVELOPMENT_TEAM = 85342F9WTR;
				ENABLE_PREVIEWS = YES;
				FRAMEWORK_SEARCH_PATHS = (
					"$(inherited)",
					"$(SRCROOT)/../shared/build/xcode-frameworks/$(CONFIGURATION)/$(SDK_NAME)",
				);
				INFOPLIST_FILE = iosApp/Info.plist;
				IPHONEOS_DEPLOYMENT_TARGET = 17.0;
				LD_RUNPATH_SEARCH_PATHS = (
					"$(inherited)",
					"@executable_path/Frameworks",
				);
				OTHER_LDFLAGS = (
					"$(inherited)",
					"-framework",
					ArgosCore,
				);
				PRODUCT_BUNDLE_IDENTIFIER = dev.xinto.argos;
				PRODUCT_NAME = "$(TARGET_NAME)";
				SWIFT_VERSION = 5.0;
				TARGETED_DEVICE_FAMILY = "1,2";
			};
			name = Release;
		};
/* End XCBuildConfiguration section */

/* Begin XCConfigurationList section */
		7555FF76242A565900829871 /* Build configuration list for PBXProject "iosApp" */ = {
			isa = XCConfigurationList;
			buildConfigurations = (
				7555FFA3242A565B00829871 /* Debug */,
				7555FFA4242A565B00829871 /* Release */,
			);
			defaultConfigurationIsVisible = 0;
			defaultConfigurationName = Release;
		};
		7555FFA5242A565B00829871 /* Build configuration list for PBXNativeTarget "iosApp" */ = {
			isa = XCConfigurationList;
			buildConfigurations = (
				7555FFA6242A565B00829871 /* Debug */,
				7555FFA7242A565B00829871 /* Release */,
			);
			defaultConfigurationIsVisible = 0;
			defaultConfigurationName = Release;
		};
/* End XCConfigurationList section */

/* Begin XCRemoteSwiftPackageReference section */
		4B3602042C4D59A200A585DD /* XCRemoteSwiftPackageReference "swift-collections" */ = {
			isa = XCRemoteSwiftPackageReference;
			repositoryURL = "https://github.com/apple/swift-collections.git";
			requirement = {
				kind = upToNextMajorVersion;
				minimumVersion = 1.1.2;
			};
		};
		4B8233472B0007E20012800B /* XCRemoteSwiftPackageReference "GoogleSignIn-iOS" */ = {
			isa = XCRemoteSwiftPackageReference;
			repositoryURL = "https://github.com/google/GoogleSignIn-iOS";
			requirement = {
				kind = upToNextMajorVersion;
				minimumVersion = 7.0.0;
			};
		};
/* End XCRemoteSwiftPackageReference section */

/* Begin XCSwiftPackageProductDependency section */
		4B3602052C4D59A200A585DD /* OrderedCollections */ = {
			isa = XCSwiftPackageProductDependency;
			package = 4B3602042C4D59A200A585DD /* XCRemoteSwiftPackageReference "swift-collections" */;
			productName = OrderedCollections;
		};
		4B8233482B0007E20012800B /* GoogleSignIn */ = {
			isa = XCSwiftPackageProductDependency;
			package = 4B8233472B0007E20012800B /* XCRemoteSwiftPackageReference "GoogleSignIn-iOS" */;
			productName = GoogleSignIn;
		};
/* End XCSwiftPackageProductDependency section */
	};
	rootObject = 7555FF73242A565900829871 /* Project object */;
}
